
Microsoft Visual Studio Solution File, Format Version 12.00
# Visual Studio Version 17
VisualStudioVersion = 17.9.34622.214
MinimumVisualStudioVersion = 10.0.40219.1
Project("{9A19103F-16F7-4668-BE54-9A1E7A4F7556}") = "PacktLibraryNetStandard2", "PacktLibraryNetStandard2\PacktLibraryNetStandard2.csproj", "{F694304D-20D0-4948-819E-48420F11146C}"
EndProject
Project("{9A19103F-16F7-4668-BE54-9A1E7A4F7556}") = "PeopleApp", "PeopleApp\PeopleApp.csproj", "{0AA68599-ECFD-472D-BB5B-AB18239C27C1}"
EndProject
Project("{FAE04EC0-301F-11D3-BF4B-00C04F79EFBC}") = "PacktLibraryModern", "PacktLibraryModern\PacktLibraryModern.csproj", "{DD8E4B5E-D7AD-4717-A14B-1543ACECB97B}"
EndProject
Global
	GlobalSection(SolutionConfigurationPlatforms) = preSolution
		Debug|Any CPU = Debug|Any CPU
		Release|Any CPU = Release|Any CPU
	EndGlobalSection
	GlobalSection(ProjectConfigurationPlatforms) = postSolution
		{F694304D-20D0-4948-819E-48420F11146C}.Debug|Any CPU.ActiveCfg = Debug|Any CPU
		{F694304D-20D0-4948-819E-48420F11146C}.Debug|Any CPU.Build.0 = Debug|Any CPU
		{F694304D-20D0-4948-819E-48420F11146C}.Release|Any CPU.ActiveCfg = Release|Any CPU
		{F694304D-20D0-4948-819E-48420F11146C}.Release|Any CPU.Build.0 = Release|Any CPU
		{0AA68599-ECFD-472D-BB5B-AB18239C27C1}.Debug|Any CPU.ActiveCfg = Debug|Any CPU
		{0AA68599-ECFD-472D-BB5B-AB18239C27C1}.Debug|Any CPU.Build.0 = Debug|Any CPU
		{0AA68599-ECFD-472D-BB5B-AB18239C27C1}.Release|Any CPU.ActiveCfg = Release|Any CPU
		{0AA68599-ECFD-472D-BB5B-AB18239C27C1}.Release|Any CPU.Build.0 = Release|Any CPU
		{DD8E4B5E-D7AD-4717-A14B-1543ACECB97B}.Debug|Any CPU.ActiveCfg = Debug|Any CPU
		{DD8E4B5E-D7AD-4717-A14B-1543ACECB97B}.Debug|Any CPU.Build.0 = Debug|Any CPU
		{DD8E4B5E-D7AD-4717-A14B-1543ACECB97B}.Release|Any CPU.ActiveCfg = Release|Any CPU
		{DD8E4B5E-D7AD-4717-A14B-1543ACECB97B}.Release|Any CPU.Build.0 = Release|Any CPU
	EndGlobalSection
	GlobalSection(SolutionProperties) = preSolution
		HideSolutionNode = FALSE
	EndGlobalSection
	GlobalSection(ExtensibilityGlobals) = postSolution
		SolutionGuid = {F1C577BF-54C5-4A9D-A915-28DD6A3BEADD}
	EndGlobalSection
EndGlobal
