
Microsoft Visual Studio Solution File, Format Version 12.00
# Visual Studio Version 17
VisualStudioVersion = 17.10.35122.118
MinimumVisualStudioVersion = 10.0.40219.1
Project("{FAE04EC0-301F-11D3-BF4B-00C04F79EFBC}") = "project-0.Server", "project-0.Server\project-0.Server.csproj", "{F253CFF1-9D3F-42B2-8B1E-CBEAD11B0D03}"
EndProject
Project("{54A90642-561A-4BB1-A94E-469ADEE60C69}") = "project-0.client", "project-0.client\project-0.client.esproj", "{B0A7A55F-85F7-42A7-92C0-06397AE90004}"
EndProject
Global
	GlobalSection(SolutionConfigurationPlatforms) = preSolution
		Debug|Any CPU = Debug|Any CPU
		Release|Any CPU = Release|Any CPU
	EndGlobalSection
	GlobalSection(ProjectConfigurationPlatforms) = postSolution
		{F253CFF1-9D3F-42B2-8B1E-CBEAD11B0D03}.Debug|Any CPU.ActiveCfg = Debug|Any CPU
		{F253CFF1-9D3F-42B2-8B1E-CBEAD11B0D03}.Debug|Any CPU.Build.0 = Debug|Any CPU
		{F253CFF1-9D3F-42B2-8B1E-CBEAD11B0D03}.Release|Any CPU.ActiveCfg = Release|Any CPU
		{F253CFF1-9D3F-42B2-8B1E-CBEAD11B0D03}.Release|Any CPU.Build.0 = Release|Any CPU
		{B0A7A55F-85F7-42A7-92C0-06397AE90004}.Debug|Any CPU.ActiveCfg = Debug|Any CPU
		{B0A7A55F-85F7-42A7-92C0-06397AE90004}.Debug|Any CPU.Build.0 = Debug|Any CPU
		{B0A7A55F-85F7-42A7-92C0-06397AE90004}.Debug|Any CPU.Deploy.0 = Debug|Any CPU
		{B0A7A55F-85F7-42A7-92C0-06397AE90004}.Release|Any CPU.ActiveCfg = Release|Any CPU
		{B0A7A55F-85F7-42A7-92C0-06397AE90004}.Release|Any CPU.Build.0 = Release|Any CPU
		{B0A7A55F-85F7-42A7-92C0-06397AE90004}.Release|Any CPU.Deploy.0 = Release|Any CPU
	EndGlobalSection
	GlobalSection(SolutionProperties) = preSolution
		HideSolutionNode = FALSE
	EndGlobalSection
	GlobalSection(ExtensibilityGlobals) = postSolution
		SolutionGuid = {DDE11595-65E1-45BD-B32E-9D7B3054DA10}
	EndGlobalSection
EndGlobal
