
Microsoft Visual Studio Solution File, Format Version 12.00
# Visual Studio Version 17
VisualStudioVersion = 17.10.35013.160
MinimumVisualStudioVersion = 10.0.40219.1
Project("{FAE04EC0-301F-11D3-BF4B-00C04F79EFBC}") = "webAPI", "webAPI.csproj", "{1F1D4038-6C7F-446A-A9BA-8C70856E77F8}"
EndProject
Global
	GlobalSection(SolutionConfigurationPlatforms) = preSolution
		Debug|Any CPU = Debug|Any CPU
		Release|Any CPU = Release|Any CPU
	EndGlobalSection
	GlobalSection(ProjectConfigurationPlatforms) = postSolution
		{1F1D4038-6C7F-446A-A9BA-8C70856E77F8}.Debug|Any CPU.ActiveCfg = Debug|Any CPU
		{1F1D4038-6C7F-446A-A9BA-8C70856E77F8}.Debug|Any CPU.Build.0 = Debug|Any CPU
		{1F1D4038-6C7F-446A-A9BA-8C70856E77F8}.Release|Any CPU.ActiveCfg = Release|Any CPU
		{1F1D4038-6C7F-446A-A9BA-8C70856E77F8}.Release|Any CPU.Build.0 = Release|Any CPU
	EndGlobalSection
	GlobalSection(SolutionProperties) = preSolution
		HideSolutionNode = FALSE
	EndGlobalSection
	GlobalSection(ExtensibilityGlobals) = postSolution
		SolutionGuid = {67505A0F-C7DE-42EB-9E14-C7D0269FE417}
	EndGlobalSection
EndGlobal
